{
  "name": "examples",
  "version": "1.0.0",
  "lockfileVersion": 3,
  "requires": true,
  "packages": {
    "": {
      "name": "examples",
      "version": "1.0.0",
      "license": "ISC",
      "dependencies": {
        "@green-api/whatsapp-api-client": "^0.3.39"
      }
    },
    "..": {
      "name": "@green-api/whatsapp-api-client",
      "version": "0.4.6",
      "license": "MIT",
      "dependencies": {
        "@green-api/whatsapp-api-client": "^0.4.6",
        "axios": "^1.16.1",
        "fs": "0.0.1-security",
        "jsdom": "^29.1.1",
        "mime": "^4.1.0",
        "rollup": "^4.60.4"
      },
      "devDependencies": {
        "@rollup/plugin-commonjs": "^29.0.2",
        "@rollup/plugin-json": "^6.1.0",
        "@rollup/plugin-node-resolve": "^16.0.3",
        "@rollup/plugin-terser": "^1.0.0",
        "dotenv": "17.4.2",
        "rollup-plugin-progress": "^1.1.2"
      },
      "engines": {
        "node": ">=10.0.0"
      }
    },
    "node_modules/@green-api/whatsapp-api-client": {
      "resolved": "..",
      "link": true
    }
  }
}
